# THIS IS AN AUTOGENERATED FILE. DO NOT EDIT THIS FILE DIRECTLY.
# yarn lockfile v1


"@glimmer/compiler@^0.30.1":
  version "0.30.5"
  resolved "https://registry.yarnpkg.com/@glimmer/compiler/-/compiler-0.30.5.tgz#b65e377653475b7c401c7eafd0e554cc388103e3"
  dependencies:
    "@glimmer/interfaces" "^0.30.5"
    "@glimmer/syntax" "^0.30.5"
    "@glimmer/util" "^0.30.5"
    "@glimmer/wire-format" "^0.30.5"
    simple-html-tokenizer "^0.4.1"

"@glimmer/interfaces@^0.30.5":
  version "0.30.5"
  resolved "https://registry.yarnpkg.com/@glimmer/interfaces/-/interfaces-0.30.5.tgz#9fd391ff4b9e4b29cf56495a2c3f5f660e45497a"
  dependencies:
    "@glimmer/wire-format" "^0.30.5"

"@glimmer/syntax@^0.30.2", "@glimmer/syntax@^0.30.5":
  version "0.30.5"
  resolved "https://registry.yarnpkg.com/@glimmer/syntax/-/syntax-0.30.5.tgz#763a631fccdb5ee2468269becd215752fc2361cc"
  dependencies:
    "@glimmer/interfaces" "^0.30.5"
    "@glimmer/util" "^0.30.5"
    handlebars "^4.0.6"
    simple-html-tokenizer "^0.4.1"

"@glimmer/util@^0.30.5":
  version "0.30.5"
  resolved "https://registry.yarnpkg.com/@glimmer/util/-/util-0.30.5.tgz#97f3dcd4029f713c503371e1608e129a833a70e1"

"@glimmer/wire-format@^0.30.5":
  version "0.30.5"
  resolved "https://registry.yarnpkg.com/@glimmer/wire-format/-/wire-format-0.30.5.tgz#17d79a320b931950ac03887733e56ecc7bbd0a06"
  dependencies:
    "@glimmer/util" "^0.30.5"

align-text@^0.1.1, align-text@^0.1.3:
  version "0.1.4"
  resolved "https://registry.yarnpkg.com/align-text/-/align-text-0.1.4.tgz#0cd90a561093f35d0a99256c22b7069433fad117"
  dependencies:
    kind-of "^3.0.2"
    longest "^1.0.1"
    repeat-string "^1.5.2"

amdefine@>=0.0.4:
  version "1.0.1"
  resolved "https://registry.yarnpkg.com/amdefine/-/amdefine-1.0.1.tgz#4a5282ac164729e93619bcfd3ad151f817ce91f5"

ansi-styles@^3.1.0:
  version "3.2.0"
  resolved "https://registry.yarnpkg.com/ansi-styles/-/ansi-styles-3.2.0.tgz#c159b8d5be0f9e5a6f346dab94f16ce022161b88"
  dependencies:
    color-convert "^1.9.0"

async@^1.4.0:
  version "1.5.2"
  resolved "https://registry.yarnpkg.com/async/-/async-1.5.2.tgz#ec6a61ae56480c0c3cb241c95618e20892f9672a"

atom-linter@^10.0.0:
  version "10.0.0"
  resolved "https://registry.yarnpkg.com/atom-linter/-/atom-linter-10.0.0.tgz#d27bb74e5f8f08a74a40beb29ee1a50d97543c89"
  dependencies:
    named-js-regexp "^1.3.1"
    sb-exec "^4.0.0"
    sb-promisify "^2.0.1"
    tmp "~0.0.28"

atom-package-deps@^4.6.1:
  version "4.6.1"
  resolved "https://registry.yarnpkg.com/atom-package-deps/-/atom-package-deps-4.6.1.tgz#36559e70db25d077b005f0278c8e17a679686adb"
  dependencies:
    atom-package-path "^1.1.0"
    sb-fs "^3.0.0"
    semver "^5.3.0"

atom-package-path@^1.1.0:
  version "1.1.0"
  resolved "https://registry.yarnpkg.com/atom-package-path/-/atom-package-path-1.1.0.tgz#b51fedbc00e7c8ce5223d0d803db7a3f4f69614f"
  dependencies:
    sb-callsite "^1.1.2"

balanced-match@^1.0.0:
  version "1.0.0"
  resolved "https://registry.yarnpkg.com/balanced-match/-/balanced-match-1.0.0.tgz#89b4d199ab2bee49de164ea02b89ce462d71b767"

brace-expansion@^1.1.7:
  version "1.1.8"
  resolved "https://registry.yarnpkg.com/brace-expansion/-/brace-expansion-1.1.8.tgz#c07b211c7c952ec1f8efd51a77ef0d1d3990a292"
  dependencies:
    balanced-match "^1.0.0"
    concat-map "0.0.1"

camelcase@^1.0.2:
  version "1.2.1"
  resolved "https://registry.yarnpkg.com/camelcase/-/camelcase-1.2.1.tgz#9bb5304d2e0b56698b2c758b08a3eaa9daa58a39"

center-align@^0.1.1:
  version "0.1.3"
  resolved "https://registry.yarnpkg.com/center-align/-/center-align-0.1.3.tgz#aa0d32629b6ee972200411cbd4461c907bc2b7ad"
  dependencies:
    align-text "^0.1.3"
    lazy-cache "^1.0.3"

chalk@^2.0.0:
  version "2.3.0"
  resolved "https://registry.yarnpkg.com/chalk/-/chalk-2.3.0.tgz#b5ea48efc9c1793dccc9b4767c93914d3f2d52ba"
  dependencies:
    ansi-styles "^3.1.0"
    escape-string-regexp "^1.0.5"
    supports-color "^4.0.0"

cliui@^2.1.0:
  version "2.1.0"
  resolved "https://registry.yarnpkg.com/cliui/-/cliui-2.1.0.tgz#4b475760ff80264c762c3a1719032e91c7fea0d1"
  dependencies:
    center-align "^0.1.1"
    right-align "^0.1.1"
    wordwrap "0.0.2"

color-convert@^1.9.0:
  version "1.9.1"
  resolved "https://registry.yarnpkg.com/color-convert/-/color-convert-1.9.1.tgz#c1261107aeb2f294ebffec9ed9ecad529a6097ed"
  dependencies:
    color-name "^1.1.1"

color-name@^1.1.1:
  version "1.1.3"
  resolved "https://registry.yarnpkg.com/color-name/-/color-name-1.1.3.tgz#a7d0558bd89c42f795dd42328f740831ca53bc25"

concat-map@0.0.1:
  version "0.0.1"
  resolved "https://registry.yarnpkg.com/concat-map/-/concat-map-0.0.1.tgz#d8a96bd77fd68df7793a73036a3ba0d5405d477b"

consistent-env@^1.2.0:
  version "1.3.1"
  resolved "https://registry.yarnpkg.com/consistent-env/-/consistent-env-1.3.1.tgz#f68234d7c69fc6dd9656f8ae23429ce0499b65fb"
  dependencies:
    lodash.uniq "^4.5.0"

decamelize@^1.0.0:
  version "1.2.0"
  resolved "https://registry.yarnpkg.com/decamelize/-/decamelize-1.2.0.tgz#f6534d15148269b20352e7bee26f501f9a191290"

ember-template-lint@^0.8.14:
  version "0.8.14"
  resolved "https://registry.yarnpkg.com/ember-template-lint/-/ember-template-lint-0.8.14.tgz#9fd6120d95a230f4972205f431edf901cb94655e"
  dependencies:
    "@glimmer/compiler" "^0.30.1"
    "@glimmer/syntax" "^0.30.2"
    chalk "^2.0.0"
    glob "^7.0.0"
    lodash "^4.11.1"
    minimatch "^3.0.4"
    resolve "^1.1.3"
    strip-bom "^3.0.0"

escape-string-regexp@^1.0.5:
  version "1.0.5"
  resolved "https://registry.yarnpkg.com/escape-string-regexp/-/escape-string-regexp-1.0.5.tgz#1b61c0562190a8dff6ae3bb2cf0200ca130b86d4"

fs.realpath@^1.0.0:
  version "1.0.0"
  resolved "https://registry.yarnpkg.com/fs.realpath/-/fs.realpath-1.0.0.tgz#1504ad2523158caa40db4a2787cb01411994ea4f"

glob@^7.0.0:
  version "7.1.2"
  resolved "https://registry.yarnpkg.com/glob/-/glob-7.1.2.tgz#c19c9df9a028702d678612384a6552404c636d15"
  dependencies:
    fs.realpath "^1.0.0"
    inflight "^1.0.4"
    inherits "2"
    minimatch "^3.0.4"
    once "^1.3.0"
    path-is-absolute "^1.0.0"

handlebars@^4.0.6:
  version "4.0.11"
  resolved "https://registry.yarnpkg.com/handlebars/-/handlebars-4.0.11.tgz#630a35dfe0294bc281edae6ffc5d329fc7982dcc"
  dependencies:
    async "^1.4.0"
    optimist "^0.6.1"
    source-map "^0.4.4"
  optionalDependencies:
    uglify-js "^2.6"

has-flag@^2.0.0:
  version "2.0.0"
  resolved "https://registry.yarnpkg.com/has-flag/-/has-flag-2.0.0.tgz#e8207af1cc7b30d446cc70b734b5e8be18f88d51"

inflight@^1.0.4:
  version "1.0.6"
  resolved "https://registry.yarnpkg.com/inflight/-/inflight-1.0.6.tgz#49bd6331d7d02d0c09bc910a1075ba8165b56df9"
  dependencies:
    once "^1.3.0"
    wrappy "1"

inherits@2:
  version "2.0.3"
  resolved "https://registry.yarnpkg.com/inherits/-/inherits-2.0.3.tgz#633c2c83e3da42a502f52466022480f4208261de"

is-buffer@^1.1.5:
  version "1.1.6"
  resolved "https://registry.yarnpkg.com/is-buffer/-/is-buffer-1.1.6.tgz#efaa2ea9daa0d7ab2ea13a97b2b8ad51fefbe8be"

is-utf8@^0.2.1:
  version "0.2.1"
  resolved "https://registry.yarnpkg.com/is-utf8/-/is-utf8-0.2.1.tgz#4b0da1442104d1b336340e80797e865cf39f7d72"

kind-of@^3.0.2:
  version "3.2.2"
  resolved "https://registry.yarnpkg.com/kind-of/-/kind-of-3.2.2.tgz#31ea21a734bab9bbb0f32466d893aea51e4a3c64"
  dependencies:
    is-buffer "^1.1.5"

lazy-cache@^1.0.3:
  version "1.0.4"
  resolved "https://registry.yarnpkg.com/lazy-cache/-/lazy-cache-1.0.4.tgz#a1d78fc3a50474cb80845d3b3b6e1da49a446e8e"

lodash.uniq@^4.5.0:
  version "4.5.0"
  resolved "https://registry.yarnpkg.com/lodash.uniq/-/lodash.uniq-4.5.0.tgz#d0225373aeb652adc1bc82e4945339a842754773"

lodash@^4.11.1:
  version "4.17.4"
  resolved "https://registry.yarnpkg.com/lodash/-/lodash-4.17.4.tgz#78203a4d1c328ae1d86dca6460e369b57f4055ae"

longest@^1.0.1:
  version "1.0.1"
  resolved "https://registry.yarnpkg.com/longest/-/longest-1.0.1.tgz#30a0b2da38f73770e8294a0d22e6625ed77d0097"

loophole@^1.1.0:
  version "1.1.0"
  resolved "https://registry.yarnpkg.com/loophole/-/loophole-1.1.0.tgz#37949fea453b6256acc725c320ce0c5a7f70a2bd"

minimatch@^3.0.4:
  version "3.0.4"
  resolved "https://registry.yarnpkg.com/minimatch/-/minimatch-3.0.4.tgz#5166e286457f03306064be5497e8dbb0c3d32083"
  dependencies:
    brace-expansion "^1.1.7"

minimist@~0.0.1:
  version "0.0.10"
  resolved "https://registry.yarnpkg.com/minimist/-/minimist-0.0.10.tgz#de3f98543dbf96082be48ad1a0c7cda836301dcf"

named-js-regexp@^1.3.1:
  version "1.3.3"
  resolved "https://registry.yarnpkg.com/named-js-regexp/-/named-js-regexp-1.3.3.tgz#a2eb1655c74cb82213a4fc82777dfb67b895d8c8"

once@^1.3.0:
  version "1.4.0"
  resolved "https://registry.yarnpkg.com/once/-/once-1.4.0.tgz#583b1aa775961d4b113ac17d9c50baef9dd76bd1"
  dependencies:
    wrappy "1"

optimist@^0.6.1:
  version "0.6.1"
  resolved "https://registry.yarnpkg.com/optimist/-/optimist-0.6.1.tgz#da3ea74686fa21a19a111c326e90eb15a0196686"
  dependencies:
    minimist "~0.0.1"
    wordwrap "~0.0.2"

os-tmpdir@~1.0.2:
  version "1.0.2"
  resolved "https://registry.yarnpkg.com/os-tmpdir/-/os-tmpdir-1.0.2.tgz#bbe67406c79aa85c5cfec766fe5734555dfa1274"

path-is-absolute@^1.0.0:
  version "1.0.1"
  resolved "https://registry.yarnpkg.com/path-is-absolute/-/path-is-absolute-1.0.1.tgz#174b9268735534ffbc7ace6bf53a5a9e1b5c5f5f"

path-parse@^1.0.5:
  version "1.0.5"
  resolved "https://registry.yarnpkg.com/path-parse/-/path-parse-1.0.5.tgz#3c1adf871ea9cd6c9431b6ea2bd74a0ff055c4c1"

repeat-string@^1.5.2:
  version "1.6.1"
  resolved "https://registry.yarnpkg.com/repeat-string/-/repeat-string-1.6.1.tgz#8dcae470e1c88abc2d600fff4a776286da75e637"

resolve@^1.1.3:
  version "1.5.0"
  resolved "https://registry.yarnpkg.com/resolve/-/resolve-1.5.0.tgz#1f09acce796c9a762579f31b2c1cc4c3cddf9f36"
  dependencies:
    path-parse "^1.0.5"

right-align@^0.1.1:
  version "0.1.3"
  resolved "https://registry.yarnpkg.com/right-align/-/right-align-0.1.3.tgz#61339b722fe6a3515689210d24e14c96148613ef"
  dependencies:
    align-text "^0.1.1"

sb-callsite@^1.1.2:
  version "1.1.2"
  resolved "https://registry.yarnpkg.com/sb-callsite/-/sb-callsite-1.1.2.tgz#28191fb66d64e3a3ee92084a95a90fcb5102243b"

sb-exec@^4.0.0:
  version "4.0.0"
  resolved "https://registry.yarnpkg.com/sb-exec/-/sb-exec-4.0.0.tgz#46747f0df162626c16ebf0fea42245ad1aa859ca"
  dependencies:
    consistent-env "^1.2.0"
    lodash.uniq "^4.5.0"
    sb-npm-path "^2.0.0"

sb-fs@^3.0.0:
  version "3.0.0"
  resolved "https://registry.yarnpkg.com/sb-fs/-/sb-fs-3.0.0.tgz#fbdcdd3010e80a1b8e27490cef336064974203b8"
  dependencies:
    sb-promisify "^2.0.1"
    strip-bom-buf "^1.0.0"

sb-memoize@^1.0.2:
  version "1.0.2"
  resolved "https://registry.yarnpkg.com/sb-memoize/-/sb-memoize-1.0.2.tgz#128375c62ddb9cc4ffa905d0c5a597c19baead8e"

sb-npm-path@^2.0.0:
  version "2.0.0"
  resolved "https://registry.yarnpkg.com/sb-npm-path/-/sb-npm-path-2.0.0.tgz#0f6cc2cf371debca7d936ed76b7d4c3cc1eb3d58"
  dependencies:
    sb-memoize "^1.0.2"
    sb-promisify "^2.0.1"

sb-promisify@^2.0.1:
  version "2.0.2"
  resolved "https://registry.yarnpkg.com/sb-promisify/-/sb-promisify-2.0.2.tgz#4277a54754488aa9675d886e354db894c9bdc981"

semver@^5.3.0:
  version "5.5.0"
  resolved "https://registry.yarnpkg.com/semver/-/semver-5.5.0.tgz#dc4bbc7a6ca9d916dee5d43516f0092b58f7b8ab"

simple-html-tokenizer@^0.4.1:
  version "0.4.3"
  resolved "https://registry.yarnpkg.com/simple-html-tokenizer/-/simple-html-tokenizer-0.4.3.tgz#9b00b766e30058b4bb377c0d4f97566a13ab1be1"

source-map@^0.4.4:
  version "0.4.4"
  resolved "https://registry.yarnpkg.com/source-map/-/source-map-0.4.4.tgz#eba4f5da9c0dc999de68032d8b4f76173652036b"
  dependencies:
    amdefine ">=0.0.4"

source-map@~0.5.1:
  version "0.5.7"
  resolved "https://registry.yarnpkg.com/source-map/-/source-map-0.5.7.tgz#8a039d2d1021d22d1ea14c80d8ea468ba2ef3fcc"

strip-bom-buf@^1.0.0:
  version "1.0.0"
  resolved "https://registry.yarnpkg.com/strip-bom-buf/-/strip-bom-buf-1.0.0.tgz#1cb45aaf57530f4caf86c7f75179d2c9a51dd572"
  dependencies:
    is-utf8 "^0.2.1"

strip-bom@^3.0.0:
  version "3.0.0"
  resolved "https://registry.yarnpkg.com/strip-bom/-/strip-bom-3.0.0.tgz#2334c18e9c759f7bdd56fdef7e9ae3d588e68ed3"

supports-color@^4.0.0:
  version "4.5.0"
  resolved "https://registry.yarnpkg.com/supports-color/-/supports-color-4.5.0.tgz#be7a0de484dec5c5cddf8b3d59125044912f635b"
  dependencies:
    has-flag "^2.0.0"

tmp@~0.0.28:
  version "0.0.33"
  resolved "https://registry.yarnpkg.com/tmp/-/tmp-0.0.33.tgz#6d34335889768d21b2bcda0aa277ced3b1bfadf9"
  dependencies:
    os-tmpdir "~1.0.2"

uglify-js@^2.6:
  version "2.8.29"
  resolved "https://registry.yarnpkg.com/uglify-js/-/uglify-js-2.8.29.tgz#29c5733148057bb4e1f75df35b7a9cb72e6a59dd"
  dependencies:
    source-map "~0.5.1"
    yargs "~3.10.0"
  optionalDependencies:
    uglify-to-browserify "~1.0.0"

uglify-to-browserify@~1.0.0:
  version "1.0.2"
  resolved "https://registry.yarnpkg.com/uglify-to-browserify/-/uglify-to-browserify-1.0.2.tgz#6e0924d6bda6b5afe349e39a6d632850a0f882b7"

window-size@0.1.0:
  version "0.1.0"
  resolved "https://registry.yarnpkg.com/window-size/-/window-size-0.1.0.tgz#5438cd2ea93b202efa3a19fe8887aee7c94f9c9d"

wordwrap@0.0.2:
  version "0.0.2"
  resolved "https://registry.yarnpkg.com/wordwrap/-/wordwrap-0.0.2.tgz#b79669bb42ecb409f83d583cad52ca17eaa1643f"

wordwrap@~0.0.2:
  version "0.0.3"
  resolved "https://registry.yarnpkg.com/wordwrap/-/wordwrap-0.0.3.tgz#a3d5da6cd5c0bc0008d37234bbaf1bed63059107"

wrappy@1:
  version "1.0.2"
  resolved "https://registry.yarnpkg.com/wrappy/-/wrappy-1.0.2.tgz#b5243d8f3ec1aa35f1364605bc0d1036e30ab69f"

yargs@~3.10.0:
  version "3.10.0"
  resolved "https://registry.yarnpkg.com/yargs/-/yargs-3.10.0.tgz#f7ee7bd857dd7c1d2d38c0e74efbd681d1431fd1"
  dependencies:
    camelcase "^1.0.2"
    cliui "^2.1.0"
    decamelize "^1.0.0"
    window-size "0.1.0"
